
Microsoft Visual Studio Solution File, Format Version 12.00
# Visual Studio Version 17
VisualStudioVersion = 17.12.35527.113
MinimumVisualStudioVersion = 10.0.40219.1
Project("{2150E333-8FDC-42A3-9474-1A3956D46DE8}") = "src", "src", "{30EF2D65-D96F-417E-9B48-94E355D6D4D1}"
EndProject
Project("{2150E333-8FDC-42A3-9474-1A3956D46DE8}") = "api", "api", "{F107D670-78B8-4D2B-B19E-5FD896264937}"
EndProject
Project("{2150E333-8FDC-42A3-9474-1A3956D46DE8}") = "external", "external", "{28B8AF12-94E9-4E81-AE8F-1F411BEDB007}"
EndProject
Project("{2150E333-8FDC-42A3-9474-1A3956D46DE8}") = "core", "core", "{4189E8DE-2CDE-4891-8A97-FFB5B2946D08}"
EndProject
Project("{FAE04EC0-301F-11D3-BF4B-00C04F79EFBC}") = "IMIS.Domain", "IMIS.Domain\IMIS.Domain.csproj", "{6C687B97-67F2-4075-99D5-CD8F4AF32E08}"
EndProject
Project("{FAE04EC0-301F-11D3-BF4B-00C04F79EFBC}") = "IMIS.Application", "IMIS.Application\IMIS.Application.csproj", "{8477EDD7-C522-4AD3-B223-392A1206A037}"
EndProject
Project("{FAE04EC0-301F-11D3-BF4B-00C04F79EFBC}") = "IMIS.Infrastructure", "IMIS.Infrastructure\IMIS.Infrastructure.csproj", "{EEF028B9-6582-4653-99BA-B7F9313D6A21}"
EndProject
Project("{FAE04EC0-301F-11D3-BF4B-00C04F79EFBC}") = "IMIS.Persistence", "IMIS.Persistence\IMIS.Persistence.csproj", "{7D1ECC86-5188-4E8B-A71B-0483E317B5BA}"
EndProject
Project("{FAE04EC0-301F-11D3-BF4B-00C04F79EFBC}") = "IMIS.Presentation", "IMIS.Presentation\IMIS.Presentation.csproj", "{4E5EF4BF-2C49-4BFB-B840-37877C80C687}"
EndProject
Project("{FAE04EC0-301F-11D3-BF4B-00C04F79EFBC}") = "IMIS.API", "IMIS.API\IMIS.API.csproj", "{59C54FAB-E3EF-483C-95FF-2B94EC4C33C7}"
EndProject
Project("{FAE04EC0-301F-11D3-BF4B-00C04F79EFBC}") = "Base", "..\..\..\DotNetBase\Base\Base.csproj", "{7EE3C3FB-8C65-44D4-8FE5-4D18567B86FD}"
EndProject
Project("{2150E333-8FDC-42A3-9474-1A3956D46DE8}") = "test", "test", "{D43630E9-65D1-4392-8106-11FCA182CC96}"
EndProject
Project("{FAE04EC0-301F-11D3-BF4B-00C04F79EFBC}") = "ImisTest", "ImisTest\ImisTest.csproj", "{17FA4562-8FCA-4135-B063-9602CE0BA994}"
EndProject
Global
	GlobalSection(SolutionConfigurationPlatforms) = preSolution
		Debug|Any CPU = Debug|Any CPU
		Release|Any CPU = Release|Any CPU
	EndGlobalSection
	GlobalSection(ProjectConfigurationPlatforms) = postSolution
		{6C687B97-67F2-4075-99D5-CD8F4AF32E08}.Debug|Any CPU.ActiveCfg = Debug|Any CPU
		{6C687B97-67F2-4075-99D5-CD8F4AF32E08}.Debug|Any CPU.Build.0 = Debug|Any CPU
		{6C687B97-67F2-4075-99D5-CD8F4AF32E08}.Release|Any CPU.ActiveCfg = Release|Any CPU
		{6C687B97-67F2-4075-99D5-CD8F4AF32E08}.Release|Any CPU.Build.0 = Release|Any CPU
		{8477EDD7-C522-4AD3-B223-392A1206A037}.Debug|Any CPU.ActiveCfg = Debug|Any CPU
		{8477EDD7-C522-4AD3-B223-392A1206A037}.Debug|Any CPU.Build.0 = Debug|Any CPU
		{8477EDD7-C522-4AD3-B223-392A1206A037}.Release|Any CPU.ActiveCfg = Release|Any CPU
		{8477EDD7-C522-4AD3-B223-392A1206A037}.Release|Any CPU.Build.0 = Release|Any CPU
		{EEF028B9-6582-4653-99BA-B7F9313D6A21}.Debug|Any CPU.ActiveCfg = Debug|Any CPU
		{EEF028B9-6582-4653-99BA-B7F9313D6A21}.Debug|Any CPU.Build.0 = Debug|Any CPU
		{EEF028B9-6582-4653-99BA-B7F9313D6A21}.Release|Any CPU.ActiveCfg = Release|Any CPU
		{EEF028B9-6582-4653-99BA-B7F9313D6A21}.Release|Any CPU.Build.0 = Release|Any CPU
		{7D1ECC86-5188-4E8B-A71B-0483E317B5BA}.Debug|Any CPU.ActiveCfg = Debug|Any CPU
		{7D1ECC86-5188-4E8B-A71B-0483E317B5BA}.Debug|Any CPU.Build.0 = Debug|Any CPU
		{7D1ECC86-5188-4E8B-A71B-0483E317B5BA}.Release|Any CPU.ActiveCfg = Release|Any CPU
		{7D1ECC86-5188-4E8B-A71B-0483E317B5BA}.Release|Any CPU.Build.0 = Release|Any CPU
		{4E5EF4BF-2C49-4BFB-B840-37877C80C687}.Debug|Any CPU.ActiveCfg = Debug|Any CPU
		{4E5EF4BF-2C49-4BFB-B840-37877C80C687}.Debug|Any CPU.Build.0 = Debug|Any CPU
		{4E5EF4BF-2C49-4BFB-B840-37877C80C687}.Release|Any CPU.ActiveCfg = Release|Any CPU
		{4E5EF4BF-2C49-4BFB-B840-37877C80C687}.Release|Any CPU.Build.0 = Release|Any CPU
		{59C54FAB-E3EF-483C-95FF-2B94EC4C33C7}.Debug|Any CPU.ActiveCfg = Debug|Any CPU
		{59C54FAB-E3EF-483C-95FF-2B94EC4C33C7}.Debug|Any CPU.Build.0 = Debug|Any CPU
		{59C54FAB-E3EF-483C-95FF-2B94EC4C33C7}.Release|Any CPU.ActiveCfg = Release|Any CPU
		{59C54FAB-E3EF-483C-95FF-2B94EC4C33C7}.Release|Any CPU.Build.0 = Release|Any CPU
		{7EE3C3FB-8C65-44D4-8FE5-4D18567B86FD}.Debug|Any CPU.ActiveCfg = Debug|Any CPU
		{7EE3C3FB-8C65-44D4-8FE5-4D18567B86FD}.Debug|Any CPU.Build.0 = Debug|Any CPU
		{7EE3C3FB-8C65-44D4-8FE5-4D18567B86FD}.Release|Any CPU.ActiveCfg = Release|Any CPU
		{7EE3C3FB-8C65-44D4-8FE5-4D18567B86FD}.Release|Any CPU.Build.0 = Release|Any CPU
		{17FA4562-8FCA-4135-B063-9602CE0BA994}.Debug|Any CPU.ActiveCfg = Debug|Any CPU
		{17FA4562-8FCA-4135-B063-9602CE0BA994}.Debug|Any CPU.Build.0 = Debug|Any CPU
		{17FA4562-8FCA-4135-B063-9602CE0BA994}.Release|Any CPU.ActiveCfg = Release|Any CPU
		{17FA4562-8FCA-4135-B063-9602CE0BA994}.Release|Any CPU.Build.0 = Release|Any CPU
	EndGlobalSection
	GlobalSection(SolutionProperties) = preSolution
		HideSolutionNode = FALSE
	EndGlobalSection
	GlobalSection(NestedProjects) = preSolution
		{F107D670-78B8-4D2B-B19E-5FD896264937} = {30EF2D65-D96F-417E-9B48-94E355D6D4D1}
		{28B8AF12-94E9-4E81-AE8F-1F411BEDB007} = {30EF2D65-D96F-417E-9B48-94E355D6D4D1}
		{4189E8DE-2CDE-4891-8A97-FFB5B2946D08} = {30EF2D65-D96F-417E-9B48-94E355D6D4D1}
		{6C687B97-67F2-4075-99D5-CD8F4AF32E08} = {4189E8DE-2CDE-4891-8A97-FFB5B2946D08}
		{8477EDD7-C522-4AD3-B223-392A1206A037} = {4189E8DE-2CDE-4891-8A97-FFB5B2946D08}
		{EEF028B9-6582-4653-99BA-B7F9313D6A21} = {28B8AF12-94E9-4E81-AE8F-1F411BEDB007}
		{7D1ECC86-5188-4E8B-A71B-0483E317B5BA} = {28B8AF12-94E9-4E81-AE8F-1F411BEDB007}
		{4E5EF4BF-2C49-4BFB-B840-37877C80C687} = {28B8AF12-94E9-4E81-AE8F-1F411BEDB007}
		{59C54FAB-E3EF-483C-95FF-2B94EC4C33C7} = {F107D670-78B8-4D2B-B19E-5FD896264937}
		{7EE3C3FB-8C65-44D4-8FE5-4D18567B86FD} = {30EF2D65-D96F-417E-9B48-94E355D6D4D1}
		{17FA4562-8FCA-4135-B063-9602CE0BA994} = {D43630E9-65D1-4392-8106-11FCA182CC96}
	EndGlobalSection
EndGlobal
